
Microsoft Visual Studio Solution File, Format Version 12.00
# Visual Studio Version 16
VisualStudioVersion = 16.0.33214.272
MinimumVisualStudioVersion = 10.0.40219.1
Project("{9A19103F-16F7-4668-BE54-9A1E7A4F7556}") = "FFUTweak", "FFUTweak.csproj", "{7513DC5E-B0D3-49CE-8A95-0F8294680D61}"
EndProject
Global
	GlobalSection(SolutionConfigurationPlatforms) = preSolution
		Debug|Any CPU = Debug|Any CPU
		Debug|x86 = Debug|x86
		Release|Any CPU = Release|Any CPU
		Release|x86 = Release|x86
	EndGlobalSection
	GlobalSection(ProjectConfigurationPlatforms) = postSolution
		{7513DC5E-B0D3-49CE-8A95-0F8294680D61}.Debug|Any CPU.ActiveCfg = Debug|Any CPU
		{7513DC5E-B0D3-49CE-8A95-0F8294680D61}.Debug|Any CPU.Build.0 = Debug|Any CPU
		{7513DC5E-B0D3-49CE-8A95-0F8294680D61}.Debug|x86.ActiveCfg = Debug|x86
		{7513DC5E-B0D3-49CE-8A95-0F8294680D61}.Debug|x86.Build.0 = Debug|x86
		{7513DC5E-B0D3-49CE-8A95-0F8294680D61}.Release|Any CPU.ActiveCfg = Release|Any CPU
		{7513DC5E-B0D3-49CE-8A95-0F8294680D61}.Release|Any CPU.Build.0 = Release|Any CPU
		{7513DC5E-B0D3-49CE-8A95-0F8294680D61}.Release|x86.ActiveCfg = Release|x86
		{7513DC5E-B0D3-49CE-8A95-0F8294680D61}.Release|x86.Build.0 = Release|x86
	EndGlobalSection
	GlobalSection(SolutionProperties) = preSolution
		HideSolutionNode = FALSE
	EndGlobalSection
	GlobalSection(ExtensibilityGlobals) = postSolution
		SolutionGuid = {2728C7BC-19B1-46C4-A3E4-0A32BA520196}
	EndGlobalSection
EndGlobal
